
Microsoft Visual Studio Solution File, Format Version 12.00
# Visual Studio Version 17
VisualStudioVersion = 17.14.36202.13 d17.14
MinimumVisualStudioVersion = 10.0.40219.1
Project("{FAE04EC0-301F-11D3-BF4B-00C04F79EFBC}") = "EcommerceWebsite", "EcommerceWebsite\EcommerceWebsite.csproj", "{CFDC204D-C15E-4A5E-9B31-5D537EEE33BB}"
EndProject
Global
	GlobalSection(SolutionConfigurationPlatforms) = preSolution
		Debug|Any CPU = Debug|Any CPU
		Release|Any CPU = Release|Any CPU
	EndGlobalSection
	GlobalSection(ProjectConfigurationPlatforms) = postSolution
		{CFDC204D-C15E-4A5E-9B31-5D537EEE33BB}.Debug|Any CPU.ActiveCfg = Debug|Any CPU
		{CFDC204D-C15E-4A5E-9B31-5D537EEE33BB}.Debug|Any CPU.Build.0 = Debug|Any CPU
		{CFDC204D-C15E-4A5E-9B31-5D537EEE33BB}.Release|Any CPU.ActiveCfg = Release|Any CPU
		{CFDC204D-C15E-4A5E-9B31-5D537EEE33BB}.Release|Any CPU.Build.0 = Release|Any CPU
	EndGlobalSection
	GlobalSection(SolutionProperties) = preSolution
		HideSolutionNode = FALSE
	EndGlobalSection
	GlobalSection(ExtensibilityGlobals) = postSolution
		SolutionGuid = {C91333CC-A6A8-4689-B2D4-1B251C467AEC}
	EndGlobalSection
EndGlobal
